{
  "name": "vue-lib",
  "version": "0.0.2",
  "lockfileVersion": 1,
  "requires": true,
  "dependencies": {
    "axios": {
      "version": "0.17.1",
      "resolved": "http://registry.npm.taobao.org/axios/download/axios-0.17.1.tgz",
      "integrity": "sha1-LY4+XQvb1zJ/kbyBT1xXZg+Bgk0=",
      "requires": {
        "follow-redirects": "1.2.6",
        "is-buffer": "1.1.6"
      }
    },
    "axios-jsonp": {
      "version": "1.0.1",
      "resolved": "http://registry.npm.taobao.org/axios-jsonp/download/axios-jsonp-1.0.1.tgz",
      "integrity": "sha1-23mJG+POZHaAN6hL9sTf22imDI8="
    },
    "debug": {
      "version": "3.1.0",
      "resolved": "http://registry.npm.taobao.org/debug/download/debug-3.1.0.tgz",
      "integrity": "sha1-W7WgZyYotkFJVmuhaBnmFRjGcmE=",
      "requires": {
        "ms": "2.0.0"
      }
    },
    "follow-redirects": {
      "version": "1.2.6",
      "resolved": "http://registry.npm.taobao.org/follow-redirects/download/follow-redirects-1.2.6.tgz",
      "integrity": "sha1-Tc3H5Ks91nZal/+Jw7TCWBF8eb8=",
      "requires": {
        "debug": "3.1.0"
      }
    },
    "is-buffer": {
      "version": "1.1.6",
      "resolved": "http://registry.npm.taobao.org/is-buffer/download/is-buffer-1.1.6.tgz",
      "integrity": "sha1-76ouqdqg16suoTqXsritUf776L4="
    },
    "keycode": {
      "version": "2.1.9",
      "resolved": "http://registry.npm.taobao.org/keycode/download/keycode-2.1.9.tgz",
      "integrity": "sha1-lkojxU5IiUBbSGGlyfBIDUUUHfo="
    },
    "lodash.tolower": {
      "version": "4.1.2",
      "resolved": "http://registry.npm.taobao.org/lodash.tolower/download/lodash.tolower-4.1.2.tgz",
      "integrity": "sha1-1tMJrEPu+NROje1mtz2rC+sIBtc="
    },
    "ms": {
      "version": "2.0.0",
      "resolved": "http://registry.npm.taobao.org/ms/download/ms-2.0.0.tgz",
      "integrity": "sha1-VgiurfwAvmwpAd9fmGF4jeDVl8g="
    },
    "muse-ui": {
      "version": "2.1.0",
      "resolved": "http://registry.npm.taobao.org/muse-ui/download/muse-ui-2.1.0.tgz",
      "integrity": "sha1-qi9uffIgvu27kIQXukhQBxv/ZN8=",
      "requires": {
        "keycode": "2.1.9",
        "lodash.tolower": "4.1.2"
      }
    },
    "qs": {
      "version": "6.5.1",
      "resolved": "http://registry.npm.taobao.org/qs/download/qs-6.5.1.tgz",
      "integrity": "sha1-NJzfbu+J7EXBLX1es/wMhwNDptg="
    }
  }
}
